
Microsoft Visual Studio Solution File, Format Version 12.00
# Visual Studio Version 16
VisualStudioVersion = 16.0.28803.452
MinimumVisualStudioVersion = 10.0.40219.1
Project("{FAE04EC0-301F-11D3-BF4B-00C04F79EFBC}") = "CalculatorFull", "CalculatorFull\CalculatorFull.csproj", "{571B2314-34B3-48D1-8BC2-2A7309298F34}"
EndProject
Global
	GlobalSection(SolutionConfigurationPlatforms) = preSolution
		Debug|Any CPU = Debug|Any CPU
		Release|Any CPU = Release|Any CPU
	EndGlobalSection
	GlobalSection(ProjectConfigurationPlatforms) = postSolution
		{571B2314-34B3-48D1-8BC2-2A7309298F34}.Debug|Any CPU.ActiveCfg = Debug|Any CPU
		{571B2314-34B3-48D1-8BC2-2A7309298F34}.Debug|Any CPU.Build.0 = Debug|Any CPU
		{571B2314-34B3-48D1-8BC2-2A7309298F34}.Release|Any CPU.ActiveCfg = Release|Any CPU
		{571B2314-34B3-48D1-8BC2-2A7309298F34}.Release|Any CPU.Build.0 = Release|Any CPU
	EndGlobalSection
	GlobalSection(SolutionProperties) = preSolution
		HideSolutionNode = FALSE
	EndGlobalSection
	GlobalSection(ExtensibilityGlobals) = postSolution
		SolutionGuid = {182761E7-3FF2-44BC-9A5A-9D81D247F7E2}
	EndGlobalSection
EndGlobal
